
Microsoft Visual Studio Solution File, Format Version 12.00
# Visual Studio Version 17
VisualStudioVersion = 17.8.34330.188
MinimumVisualStudioVersion = 10.0.40219.1
Project("{FAE04EC0-301F-11D3-BF4B-00C04F79EFBC}") = "Shared.Contracts", "src\Shared.Contracts\Shared.Contracts.csproj", "{8C929B97-D723-4077-9F1F-1A16E848086B}"
EndProject
Project("{2150E333-8FDC-42A3-9474-1A3956D46DE8}") = "src", "src", "{827E0CD3-B72D-47B6-A68D-7590B98EB39B}"
EndProject
Project("{2150E333-8FDC-42A3-9474-1A3956D46DE8}") = "Cliente.Service", "Cliente.Service", "{F79C6D15-C991-02F5-78FA-3A19EDAC485C}"
EndProject
Project("{FAE04EC0-301F-11D3-BF4B-00C04F79EFBC}") = "Cliente.Application", "src\Cliente.Service\Cliente.Application\Cliente.Application.csproj", "{13E21B68-4DBE-4510-8947-EB0221D45622}"
EndProject
Project("{FAE04EC0-301F-11D3-BF4B-00C04F79EFBC}") = "Cliente.Infrastructure", "src\Cliente.Service\Cliente.Infrastructure\Cliente.Infrastructure.csproj", "{0A795E04-3D43-445B-B68A-CE99CFF2C83A}"
EndProject
Project("{FAE04EC0-301F-11D3-BF4B-00C04F79EFBC}") = "Cliente.Api", "src\Cliente.Service\Cliente.Api\Cliente.Api.csproj", "{F822B9DA-577B-4313-AE8F-2FB51EE3F9EC}"
EndProject
Project("{FAE04EC0-301F-11D3-BF4B-00C04F79EFBC}") = "Cliente.Tests", "src\Cliente.Service\Cliente.Tests\Cliente.Tests.csproj", "{64C42967-6520-4B48-A156-A175F4E96BEA}"
EndProject
Project("{FAE04EC0-301F-11D3-BF4B-00C04F79EFBC}") = "Cliente.Domain", "src\Cliente.Service\Cliente.Domain\Cliente.Domain.csproj", "{F3A5A991-9039-415D-ABED-BBB84A337BDC}"
EndProject
Project("{2150E333-8FDC-42A3-9474-1A3956D46DE8}") = "Cuenta.Service", "Cuenta.Service", "{4DFD142A-0A02-12F0-215A-2D4A4ECEAA3D}"
EndProject
Project("{FAE04EC0-301F-11D3-BF4B-00C04F79EFBC}") = "Cuenta.Domain", "src\Cuenta.Service\Cuenta.Domain\Cuenta.Domain.csproj", "{03862915-223F-41D2-B5CA-5EE29AA4D717}"
EndProject
Project("{FAE04EC0-301F-11D3-BF4B-00C04F79EFBC}") = "Cuenta.Application", "src\Cuenta.Service\Cuenta.Application\Cuenta.Application.csproj", "{9C07FD38-BCF7-469A-8085-E1F6DC87732B}"
EndProject
Project("{FAE04EC0-301F-11D3-BF4B-00C04F79EFBC}") = "Cuenta.Infrastructure", "src\Cuenta.Service\Cuenta.Infrastructure\Cuenta.Infrastructure.csproj", "{C1C54EE3-056D-44E4-BC18-6547B82F9E94}"
EndProject
Project("{FAE04EC0-301F-11D3-BF4B-00C04F79EFBC}") = "Cuenta.Api", "src\Cuenta.Service\Cuenta.Api\Cuenta.Api.csproj", "{6ECA8421-11E8-4C85-863F-B5DB65087BD0}"
EndProject
Project("{FAE04EC0-301F-11D3-BF4B-00C04F79EFBC}") = "Cuenta.Tests", "src\Cuenta.Service\Cuenta.Tests\Cuenta.Tests.csproj", "{AD7F512D-FBBF-4F6B-846C-2F64D73A991B}"
EndProject
Global
	GlobalSection(SolutionConfigurationPlatforms) = preSolution
		Debug|Any CPU = Debug|Any CPU
		Debug|x64 = Debug|x64
		Debug|x86 = Debug|x86
		Release|Any CPU = Release|Any CPU
		Release|x64 = Release|x64
		Release|x86 = Release|x86
	EndGlobalSection
	GlobalSection(ProjectConfigurationPlatforms) = postSolution
		{8C929B97-D723-4077-9F1F-1A16E848086B}.Debug|Any CPU.ActiveCfg = Debug|Any CPU
		{8C929B97-D723-4077-9F1F-1A16E848086B}.Debug|Any CPU.Build.0 = Debug|Any CPU
		{8C929B97-D723-4077-9F1F-1A16E848086B}.Debug|x64.ActiveCfg = Debug|Any CPU
		{8C929B97-D723-4077-9F1F-1A16E848086B}.Debug|x64.Build.0 = Debug|Any CPU
		{8C929B97-D723-4077-9F1F-1A16E848086B}.Debug|x86.ActiveCfg = Debug|Any CPU
		{8C929B97-D723-4077-9F1F-1A16E848086B}.Debug|x86.Build.0 = Debug|Any CPU
		{8C929B97-D723-4077-9F1F-1A16E848086B}.Release|Any CPU.ActiveCfg = Release|Any CPU
		{8C929B97-D723-4077-9F1F-1A16E848086B}.Release|Any CPU.Build.0 = Release|Any CPU
		{8C929B97-D723-4077-9F1F-1A16E848086B}.Release|x64.ActiveCfg = Release|Any CPU
		{8C929B97-D723-4077-9F1F-1A16E848086B}.Release|x64.Build.0 = Release|Any CPU
		{8C929B97-D723-4077-9F1F-1A16E848086B}.Release|x86.ActiveCfg = Release|Any CPU
		{8C929B97-D723-4077-9F1F-1A16E848086B}.Release|x86.Build.0 = Release|Any CPU
		{13E21B68-4DBE-4510-8947-EB0221D45622}.Debug|Any CPU.ActiveCfg = Debug|Any CPU
		{13E21B68-4DBE-4510-8947-EB0221D45622}.Debug|Any CPU.Build.0 = Debug|Any CPU
		{13E21B68-4DBE-4510-8947-EB0221D45622}.Debug|x64.ActiveCfg = Debug|Any CPU
		{13E21B68-4DBE-4510-8947-EB0221D45622}.Debug|x64.Build.0 = Debug|Any CPU
		{13E21B68-4DBE-4510-8947-EB0221D45622}.Debug|x86.ActiveCfg = Debug|Any CPU
		{13E21B68-4DBE-4510-8947-EB0221D45622}.Debug|x86.Build.0 = Debug|Any CPU
		{13E21B68-4DBE-4510-8947-EB0221D45622}.Release|Any CPU.ActiveCfg = Release|Any CPU
		{13E21B68-4DBE-4510-8947-EB0221D45622}.Release|Any CPU.Build.0 = Release|Any CPU
		{13E21B68-4DBE-4510-8947-EB0221D45622}.Release|x64.ActiveCfg = Release|Any CPU
		{13E21B68-4DBE-4510-8947-EB0221D45622}.Release|x64.Build.0 = Release|Any CPU
		{13E21B68-4DBE-4510-8947-EB0221D45622}.Release|x86.ActiveCfg = Release|Any CPU
		{13E21B68-4DBE-4510-8947-EB0221D45622}.Release|x86.Build.0 = Release|Any CPU
		{0A795E04-3D43-445B-B68A-CE99CFF2C83A}.Debug|Any CPU.ActiveCfg = Debug|Any CPU
		{0A795E04-3D43-445B-B68A-CE99CFF2C83A}.Debug|Any CPU.Build.0 = Debug|Any CPU
		{0A795E04-3D43-445B-B68A-CE99CFF2C83A}.Debug|x64.ActiveCfg = Debug|Any CPU
		{0A795E04-3D43-445B-B68A-CE99CFF2C83A}.Debug|x64.Build.0 = Debug|Any CPU
		{0A795E04-3D43-445B-B68A-CE99CFF2C83A}.Debug|x86.ActiveCfg = Debug|Any CPU
		{0A795E04-3D43-445B-B68A-CE99CFF2C83A}.Debug|x86.Build.0 = Debug|Any CPU
		{0A795E04-3D43-445B-B68A-CE99CFF2C83A}.Release|Any CPU.ActiveCfg = Release|Any CPU
		{0A795E04-3D43-445B-B68A-CE99CFF2C83A}.Release|Any CPU.Build.0 = Release|Any CPU
		{0A795E04-3D43-445B-B68A-CE99CFF2C83A}.Release|x64.ActiveCfg = Release|Any CPU
		{0A795E04-3D43-445B-B68A-CE99CFF2C83A}.Release|x64.Build.0 = Release|Any CPU
		{0A795E04-3D43-445B-B68A-CE99CFF2C83A}.Release|x86.ActiveCfg = Release|Any CPU
		{0A795E04-3D43-445B-B68A-CE99CFF2C83A}.Release|x86.Build.0 = Release|Any CPU
		{F822B9DA-577B-4313-AE8F-2FB51EE3F9EC}.Debug|Any CPU.ActiveCfg = Debug|Any CPU
		{F822B9DA-577B-4313-AE8F-2FB51EE3F9EC}.Debug|Any CPU.Build.0 = Debug|Any CPU
		{F822B9DA-577B-4313-AE8F-2FB51EE3F9EC}.Debug|x64.ActiveCfg = Debug|Any CPU
		{F822B9DA-577B-4313-AE8F-2FB51EE3F9EC}.Debug|x64.Build.0 = Debug|Any CPU
		{F822B9DA-577B-4313-AE8F-2FB51EE3F9EC}.Debug|x86.ActiveCfg = Debug|Any CPU
		{F822B9DA-577B-4313-AE8F-2FB51EE3F9EC}.Debug|x86.Build.0 = Debug|Any CPU
		{F822B9DA-577B-4313-AE8F-2FB51EE3F9EC}.Release|Any CPU.ActiveCfg = Release|Any CPU
		{F822B9DA-577B-4313-AE8F-2FB51EE3F9EC}.Release|Any CPU.Build.0 = Release|Any CPU
		{F822B9DA-577B-4313-AE8F-2FB51EE3F9EC}.Release|x64.ActiveCfg = Release|Any CPU
		{F822B9DA-577B-4313-AE8F-2FB51EE3F9EC}.Release|x64.Build.0 = Release|Any CPU
		{F822B9DA-577B-4313-AE8F-2FB51EE3F9EC}.Release|x86.ActiveCfg = Release|Any CPU
		{F822B9DA-577B-4313-AE8F-2FB51EE3F9EC}.Release|x86.Build.0 = Release|Any CPU
		{64C42967-6520-4B48-A156-A175F4E96BEA}.Debug|Any CPU.ActiveCfg = Debug|Any CPU
		{64C42967-6520-4B48-A156-A175F4E96BEA}.Debug|Any CPU.Build.0 = Debug|Any CPU
		{64C42967-6520-4B48-A156-A175F4E96BEA}.Debug|x64.ActiveCfg = Debug|Any CPU
		{64C42967-6520-4B48-A156-A175F4E96BEA}.Debug|x64.Build.0 = Debug|Any CPU
		{64C42967-6520-4B48-A156-A175F4E96BEA}.Debug|x86.ActiveCfg = Debug|Any CPU
		{64C42967-6520-4B48-A156-A175F4E96BEA}.Debug|x86.Build.0 = Debug|Any CPU
		{64C42967-6520-4B48-A156-A175F4E96BEA}.Release|Any CPU.ActiveCfg = Release|Any CPU
		{64C42967-6520-4B48-A156-A175F4E96BEA}.Release|Any CPU.Build.0 = Release|Any CPU
		{64C42967-6520-4B48-A156-A175F4E96BEA}.Release|x64.ActiveCfg = Release|Any CPU
		{64C42967-6520-4B48-A156-A175F4E96BEA}.Release|x64.Build.0 = Release|Any CPU
		{64C42967-6520-4B48-A156-A175F4E96BEA}.Release|x86.ActiveCfg = Release|Any CPU
		{64C42967-6520-4B48-A156-A175F4E96BEA}.Release|x86.Build.0 = Release|Any CPU
		{F3A5A991-9039-415D-ABED-BBB84A337BDC}.Debug|Any CPU.ActiveCfg = Debug|Any CPU
		{F3A5A991-9039-415D-ABED-BBB84A337BDC}.Debug|Any CPU.Build.0 = Debug|Any CPU
		{F3A5A991-9039-415D-ABED-BBB84A337BDC}.Debug|x64.ActiveCfg = Debug|Any CPU
		{F3A5A991-9039-415D-ABED-BBB84A337BDC}.Debug|x64.Build.0 = Debug|Any CPU
		{F3A5A991-9039-415D-ABED-BBB84A337BDC}.Debug|x86.ActiveCfg = Debug|Any CPU
		{F3A5A991-9039-415D-ABED-BBB84A337BDC}.Debug|x86.Build.0 = Debug|Any CPU
		{F3A5A991-9039-415D-ABED-BBB84A337BDC}.Release|Any CPU.ActiveCfg = Release|Any CPU
		{F3A5A991-9039-415D-ABED-BBB84A337BDC}.Release|Any CPU.Build.0 = Release|Any CPU
		{F3A5A991-9039-415D-ABED-BBB84A337BDC}.Release|x64.ActiveCfg = Release|Any CPU
		{F3A5A991-9039-415D-ABED-BBB84A337BDC}.Release|x64.Build.0 = Release|Any CPU
		{F3A5A991-9039-415D-ABED-BBB84A337BDC}.Release|x86.ActiveCfg = Release|Any CPU
		{F3A5A991-9039-415D-ABED-BBB84A337BDC}.Release|x86.Build.0 = Release|Any CPU
		{03862915-223F-41D2-B5CA-5EE29AA4D717}.Debug|Any CPU.ActiveCfg = Debug|Any CPU
		{03862915-223F-41D2-B5CA-5EE29AA4D717}.Debug|Any CPU.Build.0 = Debug|Any CPU
		{03862915-223F-41D2-B5CA-5EE29AA4D717}.Debug|x64.ActiveCfg = Debug|Any CPU
		{03862915-223F-41D2-B5CA-5EE29AA4D717}.Debug|x64.Build.0 = Debug|Any CPU
		{03862915-223F-41D2-B5CA-5EE29AA4D717}.Debug|x86.ActiveCfg = Debug|Any CPU
		{03862915-223F-41D2-B5CA-5EE29AA4D717}.Debug|x86.Build.0 = Debug|Any CPU
		{03862915-223F-41D2-B5CA-5EE29AA4D717}.Release|Any CPU.ActiveCfg = Release|Any CPU
		{03862915-223F-41D2-B5CA-5EE29AA4D717}.Release|Any CPU.Build.0 = Release|Any CPU
		{03862915-223F-41D2-B5CA-5EE29AA4D717}.Release|x64.ActiveCfg = Release|Any CPU
		{03862915-223F-41D2-B5CA-5EE29AA4D717}.Release|x64.Build.0 = Release|Any CPU
		{03862915-223F-41D2-B5CA-5EE29AA4D717}.Release|x86.ActiveCfg = Release|Any CPU
		{03862915-223F-41D2-B5CA-5EE29AA4D717}.Release|x86.Build.0 = Release|Any CPU
		{9C07FD38-BCF7-469A-8085-E1F6DC87732B}.Debug|Any CPU.ActiveCfg = Debug|Any CPU
		{9C07FD38-BCF7-469A-8085-E1F6DC87732B}.Debug|Any CPU.Build.0 = Debug|Any CPU
		{9C07FD38-BCF7-469A-8085-E1F6DC87732B}.Debug|x64.ActiveCfg = Debug|Any CPU
		{9C07FD38-BCF7-469A-8085-E1F6DC87732B}.Debug|x64.Build.0 = Debug|Any CPU
		{9C07FD38-BCF7-469A-8085-E1F6DC87732B}.Debug|x86.ActiveCfg = Debug|Any CPU
		{9C07FD38-BCF7-469A-8085-E1F6DC87732B}.Debug|x86.Build.0 = Debug|Any CPU
		{9C07FD38-BCF7-469A-8085-E1F6DC87732B}.Release|Any CPU.ActiveCfg = Release|Any CPU
		{9C07FD38-BCF7-469A-8085-E1F6DC87732B}.Release|Any CPU.Build.0 = Release|Any CPU
		{9C07FD38-BCF7-469A-8085-E1F6DC87732B}.Release|x64.ActiveCfg = Release|Any CPU
		{9C07FD38-BCF7-469A-8085-E1F6DC87732B}.Release|x64.Build.0 = Release|Any CPU
		{9C07FD38-BCF7-469A-8085-E1F6DC87732B}.Release|x86.ActiveCfg = Release|Any CPU
		{9C07FD38-BCF7-469A-8085-E1F6DC87732B}.Release|x86.Build.0 = Release|Any CPU
		{C1C54EE3-056D-44E4-BC18-6547B82F9E94}.Debug|Any CPU.ActiveCfg = Debug|Any CPU
		{C1C54EE3-056D-44E4-BC18-6547B82F9E94}.Debug|Any CPU.Build.0 = Debug|Any CPU
		{C1C54EE3-056D-44E4-BC18-6547B82F9E94}.Debug|x64.ActiveCfg = Debug|Any CPU
		{C1C54EE3-056D-44E4-BC18-6547B82F9E94}.Debug|x64.Build.0 = Debug|Any CPU
		{C1C54EE3-056D-44E4-BC18-6547B82F9E94}.Debug|x86.ActiveCfg = Debug|Any CPU
		{C1C54EE3-056D-44E4-BC18-6547B82F9E94}.Debug|x86.Build.0 = Debug|Any CPU
		{C1C54EE3-056D-44E4-BC18-6547B82F9E94}.Release|Any CPU.ActiveCfg = Release|Any CPU
		{C1C54EE3-056D-44E4-BC18-6547B82F9E94}.Release|Any CPU.Build.0 = Release|Any CPU
		{C1C54EE3-056D-44E4-BC18-6547B82F9E94}.Release|x64.ActiveCfg = Release|Any CPU
		{C1C54EE3-056D-44E4-BC18-6547B82F9E94}.Release|x64.Build.0 = Release|Any CPU
		{C1C54EE3-056D-44E4-BC18-6547B82F9E94}.Release|x86.ActiveCfg = Release|Any CPU
		{C1C54EE3-056D-44E4-BC18-6547B82F9E94}.Release|x86.Build.0 = Release|Any CPU
		{6ECA8421-11E8-4C85-863F-B5DB65087BD0}.Debug|Any CPU.ActiveCfg = Debug|Any CPU
		{6ECA8421-11E8-4C85-863F-B5DB65087BD0}.Debug|Any CPU.Build.0 = Debug|Any CPU
		{6ECA8421-11E8-4C85-863F-B5DB65087BD0}.Debug|x64.ActiveCfg = Debug|Any CPU
		{6ECA8421-11E8-4C85-863F-B5DB65087BD0}.Debug|x64.Build.0 = Debug|Any CPU
		{6ECA8421-11E8-4C85-863F-B5DB65087BD0}.Debug|x86.ActiveCfg = Debug|Any CPU
		{6ECA8421-11E8-4C85-863F-B5DB65087BD0}.Debug|x86.Build.0 = Debug|Any CPU
		{6ECA8421-11E8-4C85-863F-B5DB65087BD0}.Release|Any CPU.ActiveCfg = Release|Any CPU
		{6ECA8421-11E8-4C85-863F-B5DB65087BD0}.Release|Any CPU.Build.0 = Release|Any CPU
		{6ECA8421-11E8-4C85-863F-B5DB65087BD0}.Release|x64.ActiveCfg = Release|Any CPU
		{6ECA8421-11E8-4C85-863F-B5DB65087BD0}.Release|x64.Build.0 = Release|Any CPU
		{6ECA8421-11E8-4C85-863F-B5DB65087BD0}.Release|x86.ActiveCfg = Release|Any CPU
		{6ECA8421-11E8-4C85-863F-B5DB65087BD0}.Release|x86.Build.0 = Release|Any CPU
		{AD7F512D-FBBF-4F6B-846C-2F64D73A991B}.Debug|Any CPU.ActiveCfg = Debug|Any CPU
		{AD7F512D-FBBF-4F6B-846C-2F64D73A991B}.Debug|Any CPU.Build.0 = Debug|Any CPU
		{AD7F512D-FBBF-4F6B-846C-2F64D73A991B}.Debug|x64.ActiveCfg = Debug|Any CPU
		{AD7F512D-FBBF-4F6B-846C-2F64D73A991B}.Debug|x64.Build.0 = Debug|Any CPU
		{AD7F512D-FBBF-4F6B-846C-2F64D73A991B}.Debug|x86.ActiveCfg = Debug|Any CPU
		{AD7F512D-FBBF-4F6B-846C-2F64D73A991B}.Debug|x86.Build.0 = Debug|Any CPU
		{AD7F512D-FBBF-4F6B-846C-2F64D73A991B}.Release|Any CPU.ActiveCfg = Release|Any CPU
		{AD7F512D-FBBF-4F6B-846C-2F64D73A991B}.Release|Any CPU.Build.0 = Release|Any CPU
		{AD7F512D-FBBF-4F6B-846C-2F64D73A991B}.Release|x64.ActiveCfg = Release|Any CPU
		{AD7F512D-FBBF-4F6B-846C-2F64D73A991B}.Release|x64.Build.0 = Release|Any CPU
		{AD7F512D-FBBF-4F6B-846C-2F64D73A991B}.Release|x86.ActiveCfg = Release|Any CPU
		{AD7F512D-FBBF-4F6B-846C-2F64D73A991B}.Release|x86.Build.0 = Release|Any CPU
	EndGlobalSection
	GlobalSection(SolutionProperties) = preSolution
		HideSolutionNode = FALSE
	EndGlobalSection
	GlobalSection(NestedProjects) = preSolution
		{F79C6D15-C991-02F5-78FA-3A19EDAC485C} = {827E0CD3-B72D-47B6-A68D-7590B98EB39B}
		{13E21B68-4DBE-4510-8947-EB0221D45622} = {F79C6D15-C991-02F5-78FA-3A19EDAC485C}
		{0A795E04-3D43-445B-B68A-CE99CFF2C83A} = {F79C6D15-C991-02F5-78FA-3A19EDAC485C}
		{F822B9DA-577B-4313-AE8F-2FB51EE3F9EC} = {F79C6D15-C991-02F5-78FA-3A19EDAC485C}
		{64C42967-6520-4B48-A156-A175F4E96BEA} = {F79C6D15-C991-02F5-78FA-3A19EDAC485C}
		{F3A5A991-9039-415D-ABED-BBB84A337BDC} = {F79C6D15-C991-02F5-78FA-3A19EDAC485C}
		{4DFD142A-0A02-12F0-215A-2D4A4ECEAA3D} = {827E0CD3-B72D-47B6-A68D-7590B98EB39B}
		{03862915-223F-41D2-B5CA-5EE29AA4D717} = {4DFD142A-0A02-12F0-215A-2D4A4ECEAA3D}
		{9C07FD38-BCF7-469A-8085-E1F6DC87732B} = {4DFD142A-0A02-12F0-215A-2D4A4ECEAA3D}
		{C1C54EE3-056D-44E4-BC18-6547B82F9E94} = {4DFD142A-0A02-12F0-215A-2D4A4ECEAA3D}
		{6ECA8421-11E8-4C85-863F-B5DB65087BD0} = {4DFD142A-0A02-12F0-215A-2D4A4ECEAA3D}
		{AD7F512D-FBBF-4F6B-846C-2F64D73A991B} = {4DFD142A-0A02-12F0-215A-2D4A4ECEAA3D}
	EndGlobalSection
	GlobalSection(ExtensibilityGlobals) = postSolution
		SolutionGuid = {1E7AF680-8072-4393-9412-657F5140D18B}
	EndGlobalSection
EndGlobal
